
Microsoft Visual Studio Solution File, Format Version 12.00
# Visual Studio Version 16
VisualStudioVersion = 16.0.29806.167
MinimumVisualStudioVersion = 10.0.40219.1
Project("{FAE04EC0-301F-11D3-BF4B-00C04F79EFBC}") = "CRYPTOCURRENCY EXCHANGE RECOMMENDATION", "CRYPTOCURRENCY EXCHANGE RECOMMENDATION\CRYPTOCURRENCY EXCHANGE RECOMMENDATION.csproj", "{00D7494B-1FC8-4E37-A6F8-265C7BAE577E}"
EndProject
Global
	GlobalSection(SolutionConfigurationPlatforms) = preSolution
		Debug|Any CPU = Debug|Any CPU
		Release|Any CPU = Release|Any CPU
	EndGlobalSection
	GlobalSection(ProjectConfigurationPlatforms) = postSolution
		{00D7494B-1FC8-4E37-A6F8-265C7BAE577E}.Debug|Any CPU.ActiveCfg = Debug|Any CPU
		{00D7494B-1FC8-4E37-A6F8-265C7BAE577E}.Debug|Any CPU.Build.0 = Debug|Any CPU
		{00D7494B-1FC8-4E37-A6F8-265C7BAE577E}.Release|Any CPU.ActiveCfg = Release|Any CPU
		{00D7494B-1FC8-4E37-A6F8-265C7BAE577E}.Release|Any CPU.Build.0 = Release|Any CPU
	EndGlobalSection
	GlobalSection(SolutionProperties) = preSolution
		HideSolutionNode = FALSE
	EndGlobalSection
	GlobalSection(ExtensibilityGlobals) = postSolution
		SolutionGuid = {4B67FC92-34A5-48EC-A75D-6EECB1FBB9A1}
	EndGlobalSection
EndGlobal
